
Microsoft Visual Studio Solution File, Format Version 12.00
# Visual Studio 15
VisualStudioVersion = 15.0.27004.2002
MinimumVisualStudioVersion = 10.0.40219.1
Project("{FAE04EC0-301F-11D3-BF4B-00C04F79EFBC}") = "Factorial", "Factorial\Factorial.csproj", "{930E4BA6-5BBB-4219-8647-B16D5F486514}"
EndProject
Project("{FAE04EC0-301F-11D3-BF4B-00C04F79EFBC}") = "FizzBuzz", "FizzBuzz\FizzBuzz.csproj", "{D0FC55C9-BB38-4824-B0DA-BC4ED0BB0493}"
EndProject
Project("{FAE04EC0-301F-11D3-BF4B-00C04F79EFBC}") = "Fibonacci", "Fibonacci\Fibonacci.csproj", "{C93AA6B0-C039-467C-8775-08E612E7A632}"
EndProject
Project("{FAE04EC0-301F-11D3-BF4B-00C04F79EFBC}") = "TowerOfHanoi", "TowerOfHanoi\TowerOfHanoi.csproj", "{65E1A666-9E5C-490C-8E06-F2EBE7AAFAFB}"
EndProject
Project("{FAE04EC0-301F-11D3-BF4B-00C04F79EFBC}") = "SieveOfEratosthenes", "SieveOfEratosthenes\SieveOfEratosthenes.csproj", "{D794D860-4F89-43CF-B4BA-E47D67F02209}"
EndProject
Project("{FAE04EC0-301F-11D3-BF4B-00C04F79EFBC}") = "LoShuMagicSquare", "LoShuMagicSquare\LoShuMagicSquare.csproj", "{C1573DD6-FD9B-49E6-9FDD-F363677D486C}"
EndProject
Global
	GlobalSection(SolutionConfigurationPlatforms) = preSolution
		Debug|Any CPU = Debug|Any CPU
		Release|Any CPU = Release|Any CPU
	EndGlobalSection
	GlobalSection(ProjectConfigurationPlatforms) = postSolution
		{930E4BA6-5BBB-4219-8647-B16D5F486514}.Debug|Any CPU.ActiveCfg = Debug|Any CPU
		{930E4BA6-5BBB-4219-8647-B16D5F486514}.Debug|Any CPU.Build.0 = Debug|Any CPU
		{930E4BA6-5BBB-4219-8647-B16D5F486514}.Release|Any CPU.ActiveCfg = Release|Any CPU
		{930E4BA6-5BBB-4219-8647-B16D5F486514}.Release|Any CPU.Build.0 = Release|Any CPU
		{D0FC55C9-BB38-4824-B0DA-BC4ED0BB0493}.Debug|Any CPU.ActiveCfg = Debug|Any CPU
		{D0FC55C9-BB38-4824-B0DA-BC4ED0BB0493}.Debug|Any CPU.Build.0 = Debug|Any CPU
		{D0FC55C9-BB38-4824-B0DA-BC4ED0BB0493}.Release|Any CPU.ActiveCfg = Release|Any CPU
		{D0FC55C9-BB38-4824-B0DA-BC4ED0BB0493}.Release|Any CPU.Build.0 = Release|Any CPU
		{C93AA6B0-C039-467C-8775-08E612E7A632}.Debug|Any CPU.ActiveCfg = Debug|Any CPU
		{C93AA6B0-C039-467C-8775-08E612E7A632}.Debug|Any CPU.Build.0 = Debug|Any CPU
		{C93AA6B0-C039-467C-8775-08E612E7A632}.Release|Any CPU.ActiveCfg = Release|Any CPU
		{C93AA6B0-C039-467C-8775-08E612E7A632}.Release|Any CPU.Build.0 = Release|Any CPU
		{65E1A666-9E5C-490C-8E06-F2EBE7AAFAFB}.Debug|Any CPU.ActiveCfg = Debug|Any CPU
		{65E1A666-9E5C-490C-8E06-F2EBE7AAFAFB}.Debug|Any CPU.Build.0 = Debug|Any CPU
		{65E1A666-9E5C-490C-8E06-F2EBE7AAFAFB}.Release|Any CPU.ActiveCfg = Release|Any CPU
		{65E1A666-9E5C-490C-8E06-F2EBE7AAFAFB}.Release|Any CPU.Build.0 = Release|Any CPU
		{D794D860-4F89-43CF-B4BA-E47D67F02209}.Debug|Any CPU.ActiveCfg = Debug|Any CPU
		{D794D860-4F89-43CF-B4BA-E47D67F02209}.Debug|Any CPU.Build.0 = Debug|Any CPU
		{D794D860-4F89-43CF-B4BA-E47D67F02209}.Release|Any CPU.ActiveCfg = Release|Any CPU
		{D794D860-4F89-43CF-B4BA-E47D67F02209}.Release|Any CPU.Build.0 = Release|Any CPU
		{C1573DD6-FD9B-49E6-9FDD-F363677D486C}.Debug|Any CPU.ActiveCfg = Debug|Any CPU
		{C1573DD6-FD9B-49E6-9FDD-F363677D486C}.Debug|Any CPU.Build.0 = Debug|Any CPU
		{C1573DD6-FD9B-49E6-9FDD-F363677D486C}.Release|Any CPU.ActiveCfg = Release|Any CPU
		{C1573DD6-FD9B-49E6-9FDD-F363677D486C}.Release|Any CPU.Build.0 = Release|Any CPU
	EndGlobalSection
	GlobalSection(SolutionProperties) = preSolution
		HideSolutionNode = FALSE
	EndGlobalSection
	GlobalSection(ExtensibilityGlobals) = postSolution
		SolutionGuid = {BA671DEA-4519-4C08-A4C9-62147CFB8A49}
	EndGlobalSection
EndGlobal
